
Microsoft Visual Studio Solution File, Format Version 12.00
# Visual Studio Version 17
VisualStudioVersion = 17.4.33403.182
MinimumVisualStudioVersion = 10.0.40219.1
Project("{FAE04EC0-301F-11D3-BF4B-00C04F79EFBC}") = "GeometryCalculator", "GeometryCalculator\GeometryCalculator.csproj", "{0D8DF3BD-3024-4463-986B-A00C43FFD7F2}"
EndProject
Project("{FAE04EC0-301F-11D3-BF4B-00C04F79EFBC}") = "GeometryCalculator.Tests", "GeometryCalculator.Tests\GeometryCalculator.Tests.csproj", "{8890E5B9-179E-49E8-A753-6982A6E94E97}"
EndProject
Global
	GlobalSection(SolutionConfigurationPlatforms) = preSolution
		Debug|Any CPU = Debug|Any CPU
		Release|Any CPU = Release|Any CPU
	EndGlobalSection
	GlobalSection(ProjectConfigurationPlatforms) = postSolution
		{0D8DF3BD-3024-4463-986B-A00C43FFD7F2}.Debug|Any CPU.ActiveCfg = Debug|Any CPU
		{0D8DF3BD-3024-4463-986B-A00C43FFD7F2}.Debug|Any CPU.Build.0 = Debug|Any CPU
		{0D8DF3BD-3024-4463-986B-A00C43FFD7F2}.Release|Any CPU.ActiveCfg = Release|Any CPU
		{0D8DF3BD-3024-4463-986B-A00C43FFD7F2}.Release|Any CPU.Build.0 = Release|Any CPU
		{8890E5B9-179E-49E8-A753-6982A6E94E97}.Debug|Any CPU.ActiveCfg = Debug|Any CPU
		{8890E5B9-179E-49E8-A753-6982A6E94E97}.Debug|Any CPU.Build.0 = Debug|Any CPU
		{8890E5B9-179E-49E8-A753-6982A6E94E97}.Release|Any CPU.ActiveCfg = Release|Any CPU
		{8890E5B9-179E-49E8-A753-6982A6E94E97}.Release|Any CPU.Build.0 = Release|Any CPU
	EndGlobalSection
	GlobalSection(SolutionProperties) = preSolution
		HideSolutionNode = FALSE
	EndGlobalSection
	GlobalSection(ExtensibilityGlobals) = postSolution
		SolutionGuid = {3B05BF1D-993B-4E92-A2BE-42DB3875B123}
	EndGlobalSection
EndGlobal
